---
version: 0.15.2
groups:
  default:
    dependencies:
    - com.github.jnr:jffi:jar:1.2.15
    - com.github.jnr:jffi:jar:native:1.2.15
    - com.github.jnr:jnr-constants:jar:0.9.8
    - com.github.jnr:jnr-ffi:jar:2.1.4
    - com.github.jnr:jnr-posix:jar:3.0.41
    - com.github.jnr:jnr-x86asm:jar:1.0.2
    - org.jetbrains.kotlin:kotlin-compiler:jar:1.1.3-2
    - org.jetbrains.kotlin:kotlin-daemon-client:jar:1.1.3-2
    - org.jetbrains.kotlin:kotlin-reflect:jar:1.1.3-2
    - org.jetbrains.kotlin:kotlin-runtime:jar:1.1.3-2
    - org.jetbrains.kotlin:kotlin-script-runtime:jar:1.1.3-2
    - org.jetbrains.kotlin:kotlin-script-util:jar:1.1.3-2
    - org.jetbrains.kotlin:kotlin-stdlib:jar:1.1.3-2
    - org.jetbrains:annotations:jar:13.0
    - org.ow2.asm:asm-analysis:jar:5.0.3
    - org.ow2.asm:asm-commons:jar:5.0.3
    - org.ow2.asm:asm-tree:jar:5.0.3
    - org.ow2.asm:asm-util:jar:5.0.3
    - org.ow2.asm:asm:jar:5.0.3
    artifacts:
    - jar:org.jetbrains.kotlin:kotlin-runtime:jar:1.1.3-2:
        transitive:
          org.jetbrains:annotations:jar:13.0: {}
    - jar:org.jetbrains.kotlin:kotlin-stdlib:jar:1.1.3-2:
        transitive: {}
    - jar:com.github.jnr:jnr-posix:jar:3.0.41:
        transitive:
          com.github.jnr:jnr-constants:jar:0.9.8: {}
          com.github.jnr:jnr-ffi:jar:2.1.4:
            org.ow2.asm:asm-analysis:jar:5.0.3: {}
            org.ow2.asm:asm:jar:5.0.3: {}
            com.github.jnr:jnr-x86asm:jar:1.0.2: {}
            com.github.jnr:jffi:jar:1.2.15: {}
            com.github.jnr:jffi:jar:native:1.2.15: {}
            org.ow2.asm:asm-commons:jar:5.0.3: {}
            org.ow2.asm:asm-tree:jar:5.0.3: {}
            org.ow2.asm:asm-util:jar:5.0.3: {}
    - jar:org.jetbrains.kotlin:kotlin-script-util:jar:1.1.3-2:
        transitive:
          org.jetbrains.kotlin:kotlin-script-runtime:jar:1.1.3-2: {}
          org.jetbrains.kotlin:kotlin-daemon-client:jar:1.1.3-2: {}
          org.jetbrains.kotlin:kotlin-compiler:jar:1.1.3-2: {}
    - jar:org.jetbrains.kotlin:kotlin-reflect:jar:1.1.3-2:
        transitive: {}
  test:
    dependencies:
    - com.winterbe:expekt:jar:0.5.0
    - junit:junit:jar:4.12
    - org.hamcrest:hamcrest-core:jar:1.3
    - org.jetbrains.spek:spek-api:jar:1.1.2
    - org.jetbrains.spek:spek-junit-platform-engine:jar:1.1.2
    - org.junit.platform:junit-platform-commons:jar:1.0.0-M4
    - org.junit.platform:junit-platform-engine:jar:1.0.0-M4
    - org.junit.platform:junit-platform-launcher:jar:1.0.0-M4
    - org.junit.platform:junit-platform-runner:jar:1.0.0-M4
    - org.junit.platform:junit-platform-suite-api:jar:1.0.0-M4
    - org.opentest4j:opentest4j:jar:1.0.0-M2
    artifacts:
    - jar:org.jetbrains.spek:spek-api:jar:1.1.2:
        transitive: {}
    - jar:org.jetbrains.spek:spek-junit-platform-engine:jar:1.1.2:
        transitive: {}
    - jar:org.junit.platform:junit-platform-runner:jar:1.0.0-M4:
        transitive:
          org.junit.platform:junit-platform-launcher:jar:1.0.0-M4:
            org.junit.platform:junit-platform-engine:jar:1.0.0-M4:
              org.opentest4j:opentest4j:jar:1.0.0-M2: {}
          junit:junit:jar:4.12:
            org.hamcrest:hamcrest-core:jar:1.3: {}
          org.junit.platform:junit-platform-suite-api:jar:1.0.0-M4:
            org.junit.platform:junit-platform-commons:jar:1.0.0-M4: {}
    - jar:com.winterbe:expekt:jar:0.5.0:
        transitive: {}
remote_repositories:
- http://repo1.maven.org/maven2/
- http://repo.maven.apache.org/maven2/
